
Microsoft Visual Studio Solution File, Format Version 12.00
# Visual Studio Version 16
VisualStudioVersion = 16.0.30225.117
MinimumVisualStudioVersion = 10.0.40219.1
Project("{FAE04EC0-301F-11D3-BF4B-00C04F79EFBC}") = "ShoppingList", "ShoppingList.csproj", "{F4BC802E-2FB7-43AC-9885-D537FEC89F85}"
EndProject
Global
	GlobalSection(SolutionConfigurationPlatforms) = preSolution
		Debug|Any CPU = Debug|Any CPU
		Release|Any CPU = Release|Any CPU
	EndGlobalSection
	GlobalSection(ProjectConfigurationPlatforms) = postSolution
		{F4BC802E-2FB7-43AC-9885-D537FEC89F85}.Debug|Any CPU.ActiveCfg = Debug|Any CPU
		{F4BC802E-2FB7-43AC-9885-D537FEC89F85}.Debug|Any CPU.Build.0 = Debug|Any CPU
		{F4BC802E-2FB7-43AC-9885-D537FEC89F85}.Release|Any CPU.ActiveCfg = Release|Any CPU
		{F4BC802E-2FB7-43AC-9885-D537FEC89F85}.Release|Any CPU.Build.0 = Release|Any CPU
	EndGlobalSection
	GlobalSection(SolutionProperties) = preSolution
		HideSolutionNode = FALSE
	EndGlobalSection
	GlobalSection(ExtensibilityGlobals) = postSolution
		SolutionGuid = {7A06511D-99B1-44B9-8023-493365AD7580}
	EndGlobalSection
EndGlobal
